
Microsoft Visual Studio Solution File, Format Version 12.00
# Visual Studio Version 17
VisualStudioVersion = 17.8.34511.84
MinimumVisualStudioVersion = 10.0.40219.1
Project("{FAE04EC0-301F-11D3-BF4B-00C04F79EFBC}") = "Esercitazione-Sett15-G2", "Esercitazione-Sett15-G2\Esercitazione-Sett15-G2.csproj", "{223BF5E8-9A53-480E-B473-39CFE57F3C5A}"
EndProject
Global
	GlobalSection(SolutionConfigurationPlatforms) = preSolution
		Debug|Any CPU = Debug|Any CPU
		Release|Any CPU = Release|Any CPU
	EndGlobalSection
	GlobalSection(ProjectConfigurationPlatforms) = postSolution
		{223BF5E8-9A53-480E-B473-39CFE57F3C5A}.Debug|Any CPU.ActiveCfg = Debug|Any CPU
		{223BF5E8-9A53-480E-B473-39CFE57F3C5A}.Debug|Any CPU.Build.0 = Debug|Any CPU
		{223BF5E8-9A53-480E-B473-39CFE57F3C5A}.Release|Any CPU.ActiveCfg = Release|Any CPU
		{223BF5E8-9A53-480E-B473-39CFE57F3C5A}.Release|Any CPU.Build.0 = Release|Any CPU
	EndGlobalSection
	GlobalSection(SolutionProperties) = preSolution
		HideSolutionNode = FALSE
	EndGlobalSection
	GlobalSection(ExtensibilityGlobals) = postSolution
		SolutionGuid = {D09B74DA-CA2B-4884-A7F9-7FAE102C8044}
	EndGlobalSection
EndGlobal
